
Microsoft Visual Studio Solution File, Format Version 12.00
# Visual Studio 14
VisualStudioVersion = 14.0.25420.1
MinimumVisualStudioVersion = 10.0.40219.1
Project("{2150E333-8FDC-42A3-9474-1A3956D46DE8}") = "Core", "Core", "{82B9CB5C-4B02-4DFD-AA5B-171CB19E825D}"
EndProject
Project("{FAE04EC0-301F-11D3-BF4B-00C04F79EFBC}") = "source", "core\source\source.csproj", "{05A7D929-1EE5-4516-AD4D-CC683788F8EB}"
EndProject
Project("{FAE04EC0-301F-11D3-BF4B-00C04F79EFBC}") = "test", "core\test\test.csproj", "{3E279D45-21DA-4ADC-9A37-1CB88DE4234B}"
EndProject
Project("{2150E333-8FDC-42A3-9474-1A3956D46DE8}") = "Common", "Common", "{2AB561E8-B668-4EE0-8D0C-8DB41844357B}"
EndProject
Project("{FAE04EC0-301F-11D3-BF4B-00C04F79EFBC}") = "test", "common\test\test.csproj", "{A43C5641-D2AE-4E56-AADF-42F194963946}"
EndProject
Global
	GlobalSection(SolutionConfigurationPlatforms) = preSolution
		Debug|Any CPU = Debug|Any CPU
		Release|Any CPU = Release|Any CPU
	EndGlobalSection
	GlobalSection(ProjectConfigurationPlatforms) = postSolution
		{05A7D929-1EE5-4516-AD4D-CC683788F8EB}.Debug|Any CPU.ActiveCfg = Debug|Any CPU
		{05A7D929-1EE5-4516-AD4D-CC683788F8EB}.Debug|Any CPU.Build.0 = Debug|Any CPU
		{05A7D929-1EE5-4516-AD4D-CC683788F8EB}.Release|Any CPU.ActiveCfg = Release|Any CPU
		{05A7D929-1EE5-4516-AD4D-CC683788F8EB}.Release|Any CPU.Build.0 = Release|Any CPU
		{3E279D45-21DA-4ADC-9A37-1CB88DE4234B}.Debug|Any CPU.ActiveCfg = Debug|Any CPU
		{3E279D45-21DA-4ADC-9A37-1CB88DE4234B}.Debug|Any CPU.Build.0 = Debug|Any CPU
		{3E279D45-21DA-4ADC-9A37-1CB88DE4234B}.Release|Any CPU.ActiveCfg = Release|Any CPU
		{3E279D45-21DA-4ADC-9A37-1CB88DE4234B}.Release|Any CPU.Build.0 = Release|Any CPU
		{A43C5641-D2AE-4E56-AADF-42F194963946}.Debug|Any CPU.ActiveCfg = Debug|Any CPU
		{A43C5641-D2AE-4E56-AADF-42F194963946}.Debug|Any CPU.Build.0 = Debug|Any CPU
		{A43C5641-D2AE-4E56-AADF-42F194963946}.Release|Any CPU.ActiveCfg = Release|Any CPU
		{A43C5641-D2AE-4E56-AADF-42F194963946}.Release|Any CPU.Build.0 = Release|Any CPU
	EndGlobalSection
	GlobalSection(SolutionProperties) = preSolution
		HideSolutionNode = FALSE
	EndGlobalSection
	GlobalSection(NestedProjects) = preSolution
		{05A7D929-1EE5-4516-AD4D-CC683788F8EB} = {82B9CB5C-4B02-4DFD-AA5B-171CB19E825D}
		{3E279D45-21DA-4ADC-9A37-1CB88DE4234B} = {82B9CB5C-4B02-4DFD-AA5B-171CB19E825D}
		{A43C5641-D2AE-4E56-AADF-42F194963946} = {2AB561E8-B668-4EE0-8D0C-8DB41844357B}
	EndGlobalSection
EndGlobal
